
Microsoft Visual Studio Solution File, Format Version 12.00
# Visual Studio Version 17
VisualStudioVersion = 17.4.33103.184
MinimumVisualStudioVersion = 10.0.40219.1
Project("{9A19103F-16F7-4668-BE54-9A1E7A4F7556}") = "UdemyConsoleDocker", "UdemyConsoleDocker\UdemyConsoleDocker.csproj", "{F99BDE04-B5AE-4523-8222-872186B238E1}"
EndProject
Project("{FAE04EC0-301F-11D3-BF4B-00C04F79EFBC}") = "UdemyWebDocker", "UdemyWebDocker\UdemyWebDocker.csproj", "{5235B9C4-C890-448A-A85A-4653EE0890EB}"
EndProject
Global
	GlobalSection(SolutionConfigurationPlatforms) = preSolution
		Debug|Any CPU = Debug|Any CPU
		Release|Any CPU = Release|Any CPU
	EndGlobalSection
	GlobalSection(ProjectConfigurationPlatforms) = postSolution
		{F99BDE04-B5AE-4523-8222-872186B238E1}.Debug|Any CPU.ActiveCfg = Debug|Any CPU
		{F99BDE04-B5AE-4523-8222-872186B238E1}.Debug|Any CPU.Build.0 = Debug|Any CPU
		{F99BDE04-B5AE-4523-8222-872186B238E1}.Release|Any CPU.ActiveCfg = Release|Any CPU
		{F99BDE04-B5AE-4523-8222-872186B238E1}.Release|Any CPU.Build.0 = Release|Any CPU
		{5235B9C4-C890-448A-A85A-4653EE0890EB}.Debug|Any CPU.ActiveCfg = Debug|Any CPU
		{5235B9C4-C890-448A-A85A-4653EE0890EB}.Debug|Any CPU.Build.0 = Debug|Any CPU
		{5235B9C4-C890-448A-A85A-4653EE0890EB}.Release|Any CPU.ActiveCfg = Release|Any CPU
		{5235B9C4-C890-448A-A85A-4653EE0890EB}.Release|Any CPU.Build.0 = Release|Any CPU
	EndGlobalSection
	GlobalSection(SolutionProperties) = preSolution
		HideSolutionNode = FALSE
	EndGlobalSection
	GlobalSection(ExtensibilityGlobals) = postSolution
		SolutionGuid = {997BF82C-223B-4861-8CE7-1D2C2E5D1CDF}
	EndGlobalSection
EndGlobal
