
Microsoft Visual Studio Solution File, Format Version 12.00
# Visual Studio Version 17
VisualStudioVersion = 17.4.33103.184
MinimumVisualStudioVersion = 10.0.40219.1
Project("{FAE04EC0-301F-11D3-BF4B-00C04F79EFBC}") = "UdemyConsoleDocker", "UdemyConsoleDocker\UdemyConsoleDocker.csproj", "{F99BDE04-B5AE-4523-8222-872186B238E1}"
EndProject
Global
	GlobalSection(SolutionConfigurationPlatforms) = preSolution
		Debug|Any CPU = Debug|Any CPU
		Release|Any CPU = Release|Any CPU
	EndGlobalSection
	GlobalSection(ProjectConfigurationPlatforms) = postSolution
		{F99BDE04-B5AE-4523-8222-872186B238E1}.Debug|Any CPU.ActiveCfg = Debug|Any CPU
		{F99BDE04-B5AE-4523-8222-872186B238E1}.Debug|Any CPU.Build.0 = Debug|Any CPU
		{F99BDE04-B5AE-4523-8222-872186B238E1}.Release|Any CPU.ActiveCfg = Release|Any CPU
		{F99BDE04-B5AE-4523-8222-872186B238E1}.Release|Any CPU.Build.0 = Release|Any CPU
	EndGlobalSection
	GlobalSection(SolutionProperties) = preSolution
		HideSolutionNode = FALSE
	EndGlobalSection
	GlobalSection(ExtensibilityGlobals) = postSolution
		SolutionGuid = {997BF82C-223B-4861-8CE7-1D2C2E5D1CDF}
	EndGlobalSection
EndGlobal
